
Microsoft Visual Studio Solution File, Format Version 12.00
# Visual Studio Version 16
VisualStudioVersion = 16.0.30503.244
MinimumVisualStudioVersion = 10.0.40219.1
Project("{FAE04EC0-301F-11D3-BF4B-00C04F79EFBC}") = "Shmup", "Shmup\Shmup.csproj", "{EFAA7A6B-24FF-4093-AA9C-82AACBBB4899}"
EndProject
Global
	GlobalSection(SolutionConfigurationPlatforms) = preSolution
		Debug|Any CPU = Debug|Any CPU
		Release|Any CPU = Release|Any CPU
	EndGlobalSection
	GlobalSection(ProjectConfigurationPlatforms) = postSolution
		{EFAA7A6B-24FF-4093-AA9C-82AACBBB4899}.Debug|Any CPU.ActiveCfg = Debug|Any CPU
		{EFAA7A6B-24FF-4093-AA9C-82AACBBB4899}.Debug|Any CPU.Build.0 = Debug|Any CPU
		{EFAA7A6B-24FF-4093-AA9C-82AACBBB4899}.Release|Any CPU.ActiveCfg = Release|Any CPU
		{EFAA7A6B-24FF-4093-AA9C-82AACBBB4899}.Release|Any CPU.Build.0 = Release|Any CPU
	EndGlobalSection
	GlobalSection(SolutionProperties) = preSolution
		HideSolutionNode = FALSE
	EndGlobalSection
	GlobalSection(ExtensibilityGlobals) = postSolution
		SolutionGuid = {C0DAD1B2-4B4A-49D6-A79D-9EF54516F7C1}
	EndGlobalSection
EndGlobal
